
Microsoft Visual Studio Solution File, Format Version 12.00
# Visual Studio Version 16
VisualStudioVersion = 16.0.31829.152
MinimumVisualStudioVersion = 10.0.40219.1
Project("{FAE04EC0-301F-11D3-BF4B-00C04F79EFBC}") = "ControlUsuarios", "ControlUsuarios\ControlUsuarios.csproj", "{62E420AB-EF9E-4F09-B0EF-9274E022B1C8}"
EndProject
Project("{FAE04EC0-301F-11D3-BF4B-00C04F79EFBC}") = "API_Hospital_Boca", "API_Hospital_Boca\API_Hospital_Boca.csproj", "{927A0575-9D20-49DD-ABB5-8CAD83701FBB}"
EndProject
Global
	GlobalSection(SolutionConfigurationPlatforms) = preSolution
		Debug|Any CPU = Debug|Any CPU
		Release|Any CPU = Release|Any CPU
	EndGlobalSection
	GlobalSection(ProjectConfigurationPlatforms) = postSolution
		{62E420AB-EF9E-4F09-B0EF-9274E022B1C8}.Debug|Any CPU.ActiveCfg = Debug|Any CPU
		{62E420AB-EF9E-4F09-B0EF-9274E022B1C8}.Debug|Any CPU.Build.0 = Debug|Any CPU
		{62E420AB-EF9E-4F09-B0EF-9274E022B1C8}.Release|Any CPU.ActiveCfg = Release|Any CPU
		{62E420AB-EF9E-4F09-B0EF-9274E022B1C8}.Release|Any CPU.Build.0 = Release|Any CPU
		{927A0575-9D20-49DD-ABB5-8CAD83701FBB}.Debug|Any CPU.ActiveCfg = Debug|Any CPU
		{927A0575-9D20-49DD-ABB5-8CAD83701FBB}.Debug|Any CPU.Build.0 = Debug|Any CPU
		{927A0575-9D20-49DD-ABB5-8CAD83701FBB}.Release|Any CPU.ActiveCfg = Release|Any CPU
		{927A0575-9D20-49DD-ABB5-8CAD83701FBB}.Release|Any CPU.Build.0 = Release|Any CPU
	EndGlobalSection
	GlobalSection(SolutionProperties) = preSolution
		HideSolutionNode = FALSE
	EndGlobalSection
	GlobalSection(ExtensibilityGlobals) = postSolution
		SolutionGuid = {2CBE4EFA-321A-4419-A35A-6E56F67C57EC}
	EndGlobalSection
EndGlobal
